// !$*UTF8*$!
{
	archiveVersion = 1;
	classes = {
	};
	objectVersion = 55;
	objects = {

/* Begin PBXBuildFile section */
		33DE6D0027C0282A00C0A161 /* AppDelegate.m in Sources */ = {isa = PBXBuildFile; fileRef = 33DE6CFF27C0282A00C0A161 /* AppDelegate.m */; };
		33DE6D0327C0282A00C0A161 /* SceneDelegate.m in Sources */ = {isa = PBXBuildFile; fileRef = 33DE6D0227C0282A00C0A161 /* SceneDelegate.m */; };
		33DE6D0627C0282A00C0A161 /* ViewController.m in Sources */ = {isa = PBXBuildFile; fileRef = 33DE6D0527C0282A00C0A161 /* ViewController.m */; };
		33DE6D0927C0282A00C0A161 /* Main.storyboard in Resources */ = {isa = PBXBuildFile; fileRef = 33DE6D0727C0282A00C0A161 /* Main.storyboard */; };
		33DE6D0B27C0282D00C0A161 /* Assets.xcassets in Resources */ = {isa = PBXBuildFile; fileRef = 33DE6D0A27C0282D00C0A161 /* Assets.xcassets */; };
		33DE6D0E27C0282D00C0A161 /* LaunchScreen.storyboard in Resources */ = {isa = PBXBuildFile; fileRef = 33DE6D0C27C0282D00C0A161 /* LaunchScreen.storyboard */; };
		33DE6D1127C0282D00C0A161 /* main.m in Sources */ = {isa = PBXBuildFile; fileRef = 33DE6D1027C0282D00C0A161 /* main.m */; };
		33F5F7A42909D83C00292E76 /* WebKit.framework in Frameworks */ = {isa = PBXBuildFile; fileRef = 33F5F7A32909D83C00292E76 /* WebKit.framework */; };
/* End PBXBuildFile section */

/* Begin PBXFileReference section */
		33DE6CFB27C0282A00C0A161 /* BMOHtmlToPdf.app */ = {isa = PBXFileReference; explicitFileType = wrapper.application; includeInIndex = 0; path = BMOHtmlToPdf.app; sourceTree = BUILT_PRODUCTS_DIR; };
		33DE6CFE27C0282A00C0A161 /* AppDelegate.h */ = {isa = PBXFileReference; lastKnownFileType = sourcecode.c.h; path = AppDelegate.h; sourceTree = "<group>"; };
		33DE6CFF27C0282A00C0A161 /* AppDelegate.m */ = {isa = PBXFileReference; lastKnownFileType = sourcecode.c.objc; path = AppDelegate.m; sourceTree = "<group>"; };
		33DE6D0127C0282A00C0A161 /* SceneDelegate.h */ = {isa = PBXFileReference; lastKnownFileType = sourcecode.c.h; path = SceneDelegate.h; sourceTree = "<group>"; };
		33DE6D0227C0282A00C0A161 /* SceneDelegate.m */ = {isa = PBXFileReference; lastKnownFileType = sourcecode.c.objc; path = SceneDelegate.m; sourceTree = "<group>"; };
		33DE6D0427C0282A00C0A161 /* ViewController.h */ = {isa = PBXFileReference; lastKnownFileType = sourcecode.c.h; path = ViewController.h; sourceTree = "<group>"; };
		33DE6D0527C0282A00C0A161 /* ViewController.m */ = {isa = PBXFileReference; lastKnownFileType = sourcecode.c.objc; path = ViewController.m; sourceTree = "<group>"; };
		33DE6D0827C0282A00C0A161 /* Base */ = {isa = PBXFileReference; lastKnownFileType = file.storyboard; name = Base; path = Base.lproj/Main.storyboard; sourceTree = "<group>"; };
		33DE6D0A27C0282D00C0A161 /* Assets.xcassets */ = {isa = PBXFileReference; lastKnownFileType = folder.assetcatalog; path = Assets.xcassets; sourceTree = "<group>"; };
		33DE6D0D27C0282D00C0A161 /* Base */ = {isa = PBXFileReference; lastKnownFileType = file.storyboard; name = Base; path = Base.lproj/LaunchScreen.storyboard; sourceTree = "<group>"; };
		33DE6D0F27C0282D00C0A161 /* Info.plist */ = {isa = PBXFileReference; lastKnownFileType = text.plist.xml; path = Info.plist; sourceTree = "<group>"; };
		33DE6D1027C0282D00C0A161 /* main.m */ = {isa = PBXFileReference; lastKnownFileType = sourcecode.c.objc; path = main.m; sourceTree = "<group>"; };
		33F5F7A32909D83C00292E76 /* WebKit.framework */ = {isa = PBXFileReference; lastKnownFileType = wrapper.framework; name = WebKit.framework; path = System/Library/Frameworks/WebKit.framework; sourceTree = SDKROOT; };
/* End PBXFileReference section */

/* Begin PBXFrameworksBuildPhase section */
		33DE6CF827C0282A00C0A161 /* Frameworks */ = {
			isa = PBXFrameworksBuildPhase;
			buildActionMask = 2147483647;
			files = (
				33F5F7A42909D83C00292E76 /* WebKit.framework in Frameworks */,
			);
			runOnlyForDeploymentPostprocessing = 0;
		};
/* End PBXFrameworksBuildPhase section */

/* Begin PBXGroup section */
		33DE6CF227C0282A00C0A161 = {
			isa = PBXGroup;
			children = (
				33DE6CFD27C0282A00C0A161 /* BMOHtmlToPdf */,
				33DE6CFC27C0282A00C0A161 /* Products */,
				33F5F7A22909D83C00292E76 /* Frameworks */,
			);
			sourceTree = "<group>";
		};
		33DE6CFC27C0282A00C0A161 /* Products */ = {
			isa = PBXGroup;
			children = (
				33DE6CFB27C0282A00C0A161 /* BMOHtmlToPdf.app */,
			);
			name = Products;
			sourceTree = "<group>";
		};
		33DE6CFD27C0282A00C0A161 /* BMOHtmlToPdf */ = {
			isa = PBXGroup;
			children = (
				33DE6CFE27C0282A00C0A161 /* AppDelegate.h */,
				33DE6CFF27C0282A00C0A161 /* AppDelegate.m */,
				33DE6D0127C0282A00C0A161 /* SceneDelegate.h */,
				33DE6D0227C0282A00C0A161 /* SceneDelegate.m */,
				33DE6D0427C0282A00C0A161 /* ViewController.h */,
				33DE6D0527C0282A00C0A161 /* ViewController.m */,
				33DE6D0727C0282A00C0A161 /* Main.storyboard */,
				33DE6D0A27C0282D00C0A161 /* Assets.xcassets */,
				33DE6D0C27C0282D00C0A161 /* LaunchScreen.storyboard */,
				33DE6D0F27C0282D00C0A161 /* Info.plist */,
				33DE6D1027C0282D00C0A161 /* main.m */,
			);
			path = BMOHtmlToPdf;
			sourceTree = "<group>";
		};
		33F5F7A22909D83C00292E76 /* Frameworks */ = {
			isa = PBXGroup;
			children = (
				33F5F7A32909D83C00292E76 /* WebKit.framework */,
			);
			name = Frameworks;
			sourceTree = "<group>";
		};
/* End PBXGroup section */

/* Begin PBXNativeTarget section */
		33DE6CFA27C0282A00C0A161 /* BMOHtmlToPdf */ = {
			isa = PBXNativeTarget;
			buildConfigurationList = 33DE6D1427C0282D00C0A161 /* Build configuration list for PBXNativeTarget "BMOHtmlToPdf" */;
			buildPhases = (
				33DE6CF727C0282A00C0A161 /* Sources */,
				33DE6CF827C0282A00C0A161 /* Frameworks */,
				33DE6CF927C0282A00C0A161 /* Resources */,
			);
			buildRules = (
			);
			dependencies = (
			);
			name = BMOHtmlToPdf;
			productName = BMOHtmlToPdf;
			productReference = 33DE6CFB27C0282A00C0A161 /* BMOHtmlToPdf.app */;
			productType = "com.apple.product-type.application";
		};
/* End PBXNativeTarget section */

/* Begin PBXProject section */
		33DE6CF327C0282A00C0A161 /* Project object */ = {
			isa = PBXProject;
			attributes = {
				BuildIndependentTargetsInParallel = 1;
				LastUpgradeCheck = 1320;
				TargetAttributes = {
					33DE6CFA27C0282A00C0A161 = {
						CreatedOnToolsVersion = 13.2.1;
					};
				};
			};
			buildConfigurationList = 33DE6CF627C0282A00C0A161 /* Build configuration list for PBXProject "BMOHtmlToPdf" */;
			compatibilityVersion = "Xcode 13.0";
			developmentRegion = en;
			hasScannedForEncodings = 0;
			knownRegions = (
				en,
				Base,
			);
			mainGroup = 33DE6CF227C0282A00C0A161;
			productRefGroup = 33DE6CFC27C0282A00C0A161 /* Products */;
			projectDirPath = "";
			projectRoot = "";
			targets = (
				33DE6CFA27C0282A00C0A161 /* BMOHtmlToPdf */,
			);
		};
/* End PBXProject section */

/* Begin PBXResourcesBuildPhase section */
		33DE6CF927C0282A00C0A161 /* Resources */ = {
			isa = PBXResourcesBuildPhase;
			buildActionMask = 2147483647;
			files = (
				33DE6D0E27C0282D00C0A161 /* LaunchScreen.storyboard in Resources */,
				33DE6D0B27C0282D00C0A161 /* Assets.xcassets in Resources */,
				33DE6D0927C0282A00C0A161 /* Main.storyboard in Resources */,
			);
			runOnlyForDeploymentPostprocessing = 0;
		};
/* End PBXResourcesBuildPhase section */

/* Begin PBXSourcesBuildPhase section */
		33DE6CF727C0282A00C0A161 /* Sources */ = {
			isa = PBXSourcesBuildPhase;
			buildActionMask = 2147483647;
			files = (
				33DE6D0627C0282A00C0A161 /* ViewController.m in Sources */,
				33DE6D0027C0282A00C0A161 /* AppDelegate.m in Sources */,
				33DE6D1127C0282D00C0A161 /* main.m in Sources */,
				33DE6D0327C0282A00C0A161 /* SceneDelegate.m in Sources */,
			);
			runOnlyForDeploymentPostprocessing = 0;
		};
/* End PBXSourcesBuildPhase section */

/* Begin PBXVariantGroup section */
		33DE6D0727C0282A00C0A161 /* Main.storyboard */ = {
			isa = PBXVariantGroup;
			children = (
				33DE6D0827C0282A00C0A161 /* Base */,
			);
			name = Main.storyboard;
			sourceTree = "<group>";
		};
		33DE6D0C27C0282D00C0A161 /* LaunchScreen.storyboard */ = {
			isa = PBXVariantGroup;
			children = (
				33DE6D0D27C0282D00C0A161 /* Base */,
			);
			name = LaunchScreen.storyboard;
			sourceTree = "<group>";
		};
/* End PBXVariantGroup section */

/* Begin XCBuildConfiguration section */
		33DE6D1227C0282D00C0A161 /* Debug */ = {
			isa = XCBuildConfiguration;
			buildSettings = {
				ALWAYS_SEARCH_USER_PATHS = NO;
				CLANG_ANALYZER_NONNULL = YES;
				CLANG_ANALYZER_NUMBER_OBJECT_CONVERSION = YES_AGGRESSIVE;
				CLANG_CXX_LANGUAGE_STANDARD = "gnu++17";
				CLANG_CXX_LIBRARY = "libc++";
				CLANG_ENABLE_MODULES = YES;
				CLANG_ENABLE_OBJC_ARC = YES;
				CLANG_ENABLE_OBJC_WEAK = YES;
				CLANG_WARN_BLOCK_CAPTURE_AUTORELEASING = YES;
				CLANG_WARN_BOOL_CONVERSION = YES;
				CLANG_WARN_COMMA = YES;
				CLANG_WARN_CONSTANT_CONVERSION = YES;
				CLANG_WARN_DEPRECATED_OBJC_IMPLEMENTATIONS = YES;
				CLANG_WARN_DIRECT_OBJC_ISA_USAGE = YES_ERROR;
				CLANG_WARN_DOCUMENTATION_COMMENTS = YES;
				CLANG_WARN_EMPTY_BODY = YES;
				CLANG_WARN_ENUM_CONVERSION = YES;
				CLANG_WARN_INFINITE_RECURSION = YES;
				CLANG_WARN_INT_CONVERSION = YES;
				CLANG_WARN_NON_LITERAL_NULL_CONVERSION = YES;
				CLANG_WARN_OBJC_IMPLICIT_RETAIN_SELF = YES;
				CLANG_WARN_OBJC_LITERAL_CONVERSION = YES;
				CLANG_WARN_OBJC_ROOT_CLASS = YES_ERROR;
				CLANG_WARN_QUOTED_INCLUDE_IN_FRAMEWORK_HEADER = YES;
				CLANG_WARN_RANGE_LOOP_ANALYSIS = YES;
				CLANG_WARN_STRICT_PROTOTYPES = YES;
				CLANG_WARN_SUSPICIOUS_MOVE = YES;
				CLANG_WARN_UNGUARDED_AVAILABILITY = YES_AGGRESSIVE;
				CLANG_WARN_UNREACHABLE_CODE = YES;
				CLANG_WARN__DUPLICATE_METHOD_MATCH = YES;
				COPY_PHASE_STRIP = NO;
				DEBUG_INFORMATION_FORMAT = dwarf;
				ENABLE_STRICT_OBJC_MSGSEND = YES;
				ENABLE_TESTABILITY = YES;
				GCC_C_LANGUAGE_STANDARD = gnu11;
				GCC_DYNAMIC_NO_PIC = NO;
				GCC_NO_COMMON_BLOCKS = YES;
				GCC_OPTIMIZATION_LEVEL = 0;
				GCC_PREPROCESSOR_DEFINITIONS = (
					"DEBUG=1",
					"$(inherited)",
				);
				GCC_WARN_64_TO_32_BIT_CONVERSION = YES;
				GCC_WARN_ABOUT_RETURN_TYPE = YES_ERROR;
				GCC_WARN_UNDECLARED_SELECTOR = YES;
				GCC_WARN_UNINITIALIZED_AUTOS = YES_AGGRESSIVE;
				GCC_WARN_UNUSED_FUNCTION = YES;
				GCC_WARN_UNUSED_VARIABLE = YES;
				IPHONEOS_DEPLOYMENT_TARGET = 15.2;
				MTL_ENABLE_DEBUG_INFO = INCLUDE_SOURCE;
				MTL_FAST_MATH = YES;
				ONLY_ACTIVE_ARCH = YES;
				SDKROOT = iphoneos;
			};
			name = Debug;
		};
		33DE6D1327C0282D00C0A161 /* Release */ = {
			isa = XCBuildConfiguration;
			buildSettings = {
				ALWAYS_SEARCH_USER_PATHS = NO;
				CLANG_ANALYZER_NONNULL = YES;
				CLANG_ANALYZER_NUMBER_OBJECT_CONVERSION = YES_AGGRESSIVE;
				CLANG_CXX_LANGUAGE_STANDARD = "gnu++17";
				CLANG_CXX_LIBRARY = "libc++";
				CLANG_ENABLE_MODULES = YES;
				CLANG_ENABLE_OBJC_ARC = YES;
				CLANG_ENABLE_OBJC_WEAK = YES;
				CLANG_WARN_BLOCK_CAPTURE_AUTORELEASING = YES;
				CLANG_WARN_BOOL_CONVERSION = YES;
				CLANG_WARN_COMMA = YES;
				CLANG_WARN_CONSTANT_CONVERSION = YES;
				CLANG_WARN_DEPRECATED_OBJC_IMPLEMENTATIONS = YES;
				CLANG_WARN_DIRECT_OBJC_ISA_USAGE = YES_ERROR;
				CLANG_WARN_DOCUMENTATION_COMMENTS = YES;
				CLANG_WARN_EMPTY_BODY = YES;
				CLANG_WARN_ENUM_CONVERSION = YES;
				CLANG_WARN_INFINITE_RECURSION = YES;
				CLANG_WARN_INT_CONVERSION = YES;
				CLANG_WARN_NON_LITERAL_NULL_CONVERSION = YES;
				CLANG_WARN_OBJC_IMPLICIT_RETAIN_SELF = YES;
				CLANG_WARN_OBJC_LITERAL_CONVERSION = YES;
				CLANG_WARN_OBJC_ROOT_CLASS = YES_ERROR;
				CLANG_WARN_QUOTED_INCLUDE_IN_FRAMEWORK_HEADER = YES;
				CLANG_WARN_RANGE_LOOP_ANALYSIS = YES;
				CLANG_WARN_STRICT_PROTOTYPES = YES;
				CLANG_WARN_SUSPICIOUS_MOVE = YES;
				CLANG_WARN_UNGUARDED_AVAILABILITY = YES_AGGRESSIVE;
				CLANG_WARN_UNREACHABLE_CODE = YES;
				CLANG_WARN__DUPLICATE_METHOD_MATCH = YES;
				COPY_PHASE_STRIP = NO;
				DEBUG_INFORMATION_FORMAT = "dwarf-with-dsym";
				ENABLE_NS_ASSERTIONS = NO;
				ENABLE_STRICT_OBJC_MSGSEND = YES;
				GCC_C_LANGUAGE_STANDARD = gnu11;
				GCC_NO_COMMON_BLOCKS = YES;
				GCC_WARN_64_TO_32_BIT_CONVERSION = YES;
				GCC_WARN_ABOUT_RETURN_TYPE = YES_ERROR;
				GCC_WARN_UNDECLARED_SELECTOR = YES;
				GCC_WARN_UNINITIALIZED_AUTOS = YES_AGGRESSIVE;
				GCC_WARN_UNUSED_FUNCTION = YES;
				GCC_WARN_UNUSED_VARIABLE = YES;
				IPHONEOS_DEPLOYMENT_TARGET = 15.2;
				MTL_ENABLE_DEBUG_INFO = NO;
				MTL_FAST_MATH = YES;
				SDKROOT = iphoneos;
				VALIDATE_PRODUCT = YES;
			};
			name = Release;
		};
		33DE6D1527C0282D00C0A161 /* Debug */ = {
			isa = XCBuildConfiguration;
			buildSettings = {
				ASSETCATALOG_COMPILER_APPICON_NAME = AppIcon;
				ASSETCATALOG_COMPILER_GLOBAL_ACCENT_COLOR_NAME = AccentColor;
				CODE_SIGN_STYLE = Automatic;
				CURRENT_PROJECT_VERSION = 1;
				DEVELOPMENT_TEAM = L5RH7482C6;
				GENERATE_INFOPLIST_FILE = YES;
				INFOPLIST_FILE = BMOHtmlToPdf/Info.plist;
				INFOPLIST_KEY_UIApplicationSupportsIndirectInputEvents = YES;
				INFOPLIST_KEY_UILaunchStoryboardName = LaunchScreen;
				INFOPLIST_KEY_UIMainStoryboardFile = Main;
				INFOPLIST_KEY_UISupportedInterfaceOrientations_iPad = "UIInterfaceOrientationPortrait UIInterfaceOrientationPortraitUpsideDown UIInterfaceOrientationLandscapeLeft UIInterfaceOrientationLandscapeRight";
				INFOPLIST_KEY_UISupportedInterfaceOrientations_iPhone = "UIInterfaceOrientationPortrait UIInterfaceOrientationLandscapeLeft UIInterfaceOrientationLandscapeRight";
				LD_RUNPATH_SEARCH_PATHS = (
					"$(inherited)",
					"@executable_path/Frameworks",
				);
				MARKETING_VERSION = 1.0;
				PRODUCT_BUNDLE_IDENTIFIER = ProgramasBMO.BMOHtmlToPdf;
				PRODUCT_NAME = "$(TARGET_NAME)";
				SWIFT_EMIT_LOC_STRINGS = YES;
				TARGETED_DEVICE_FAMILY = "1,2";
			};
			name = Debug;
		};
		33DE6D1627C0282D00C0A161 /* Release */ = {
			isa = XCBuildConfiguration;
			buildSettings = {
				ASSETCATALOG_COMPILER_APPICON_NAME = AppIcon;
				ASSETCATALOG_COMPILER_GLOBAL_ACCENT_COLOR_NAME = AccentColor;
				CODE_SIGN_STYLE = Automatic;
				CURRENT_PROJECT_VERSION = 1;
				DEVELOPMENT_TEAM = L5RH7482C6;
				GENERATE_INFOPLIST_FILE = YES;
				INFOPLIST_FILE = BMOHtmlToPdf/Info.plist;
				INFOPLIST_KEY_UIApplicationSupportsIndirectInputEvents = YES;
				INFOPLIST_KEY_UILaunchStoryboardName = LaunchScreen;
				INFOPLIST_KEY_UIMainStoryboardFile = Main;
				INFOPLIST_KEY_UISupportedInterfaceOrientations_iPad = "UIInterfaceOrientationPortrait UIInterfaceOrientationPortraitUpsideDown UIInterfaceOrientationLandscapeLeft UIInterfaceOrientationLandscapeRight";
				INFOPLIST_KEY_UISupportedInterfaceOrientations_iPhone = "UIInterfaceOrientationPortrait UIInterfaceOrientationLandscapeLeft UIInterfaceOrientationLandscapeRight";
				LD_RUNPATH_SEARCH_PATHS = (
					"$(inherited)",
					"@executable_path/Frameworks",
				);
				MARKETING_VERSION = 1.0;
				PRODUCT_BUNDLE_IDENTIFIER = ProgramasBMO.BMOHtmlToPdf;
				PRODUCT_NAME = "$(TARGET_NAME)";
				SWIFT_EMIT_LOC_STRINGS = YES;
				TARGETED_DEVICE_FAMILY = "1,2";
			};
			name = Release;
		};
/* End XCBuildConfiguration section */

/* Begin XCConfigurationList section */
		33DE6CF627C0282A00C0A161 /* Build configuration list for PBXProject "BMOHtmlToPdf" */ = {
			isa = XCConfigurationList;
			buildConfigurations = (
				33DE6D1227C0282D00C0A161 /* Debug */,
				33DE6D1327C0282D00C0A161 /* Release */,
			);
			defaultConfigurationIsVisible = 0;
			defaultConfigurationName = Release;
		};
		33DE6D1427C0282D00C0A161 /* Build configuration list for PBXNativeTarget "BMOHtmlToPdf" */ = {
			isa = XCConfigurationList;
			buildConfigurations = (
				33DE6D1527C0282D00C0A161 /* Debug */,
				33DE6D1627C0282D00C0A161 /* Release */,
			);
			defaultConfigurationIsVisible = 0;
			defaultConfigurationName = Release;
		};
/* End XCConfigurationList section */
	};
	rootObject = 33DE6CF327C0282A00C0A161 /* Project object */;
}
